
Microsoft Visual Studio Solution File, Format Version 11.00
# Visual Studio 2010
Project("{8BC9CEB8-8B4A-11D0-8D11-00A0C91BC942}") = "event2012", "event\event2012.vcxproj", "{CCEA3D2E-F687-4AB1-8ED2-528381A1F29A}"
EndProject
Project("{8BC9CEB8-8B4A-11D0-8D11-00A0C91BC942}") = "fibonacci2012", "fibonacci\fibonacci2012.vcxproj", "{8B2BBE76-B149-47CB-9A7B-C5F784F0246D}"
EndProject
Project("{8BC9CEB8-8B4A-11D0-8D11-00A0C91BC942}") = "FindString2012", "FindString\FindString2012.vcxproj", "{296D64BE-AC65-4081-8EBF-67C530D87D78}"
EndProject
Project("{8BC9CEB8-8B4A-11D0-8D11-00A0C91BC942}") = "DiningPhilosophers2012", "DiningPhilosophers\DiningPhilosophers2012.vcxproj", "{B38D3C99-1A3F-474D-BE5A-623B1BE40F52}"
EndProject
Project("{8BC9CEB8-8B4A-11D0-8D11-00A0C91BC942}") = "carmichaels2012", "carmichaels\carmichaels2012.vcxproj", "{0D91D98A-CC92-4C6F-8E6B-95937BD78D56}"
EndProject
Project("{8BC9CEB8-8B4A-11D0-8D11-00A0C91BC942}") = "nbod2012y", "nbodies\nbody2012.vcxproj", "{9CF5BAA9-DBF7-4C71-A966-8CF42371B8C2}"
EndProject
Project("{8BC9CEB8-8B4A-11D0-8D11-00A0C91BC942}") = "Cartoonizer2012", "Cartoonizer\Cartoonizer2012.vcxproj", "{B309F319-F481-4AD2-A281-4F4D9EB4CAF3}"
EndProject
Project("{8BC9CEB8-8B4A-11D0-8D11-00A0C91BC942}") = "ConcRTDemoAddin2012", "ExcelDemo\ConcRTDemoAddin\ConcRTDemoAddin2012.vcxproj", "{4D524F94-8FC1-42C8-9459-DBA5D3246000}"
	ProjectSection(ProjectDependencies) = postProject
		{71A31CB3-C721-4780-B07C-AC0C5D7B8165} = {71A31CB3-C721-4780-B07C-AC0C5D7B8165}
	EndProjectSection
EndProject
Project("{8BC9CEB8-8B4A-11D0-8D11-00A0C91BC942}") = "NativeParallelPortfolioAnalysis2012", "ExcelDemo\NativeParallelPortfolioAnalysis\NativeParallelPortfolioAnalysis2012.vcxproj", "{71A31CB3-C721-4780-B07C-AC0C5D7B8165}"
EndProject
Project("{8BC9CEB8-8B4A-11D0-8D11-00A0C91BC942}") = "FindFirst2012", "FindFirst\FindFirst2012.vcxproj", "{86CB0557-3C5E-435F-A3E3-6122C64A22B5}"
EndProject
Project("{8BC9CEB8-8B4A-11D0-8D11-00A0C91BC942}") = "parallel_for_flavors2012", "parallel_for_flavors\parallel_for_flavors2012.vcxproj", "{0572D52A-572F-40AC-8602-CCAAA7E52B47}"
EndProject
Project("{8BC9CEB8-8B4A-11D0-8D11-00A0C91BC942}") = "NativeSortDemo2012", "ParallelSortDemo\NativeSortDemo\NativeSortDemo2012.vcxproj", "{47415FB9-1427-46DF-97BF-EB69D80FFE92}"
EndProject
Project("{FAE04EC0-301F-11D3-BF4B-00C04F79EFBC}") = "ParallelSortDemo2012", "ParallelSortDemo\ParallelSortDemo\ParallelSortDemo2012.csproj", "{BBE30FF6-45CF-4C75-A662-6E57091284CD}"
	ProjectSection(ProjectDependencies) = postProject
		{47415FB9-1427-46DF-97BF-EB69D80FFE92} = {47415FB9-1427-46DF-97BF-EB69D80FFE92}
	EndProjectSection
EndProject
Project("{8BC9CEB8-8B4A-11D0-8D11-00A0C91BC942}") = "ProjectBuild2012", "ProjectBuild\ProjectBuild2012.vcxproj", "{2E43C704-CA7B-492E-98FE-C182523F8850}"
EndProject
Project("{8BC9CEB8-8B4A-11D0-8D11-00A0C91BC942}") = "GUI_Tasks2012", "GUI_Tasks\GUI_Tasks2012.vcxproj", "{172BFC93-8CB0-4F65-8122-010CF50A9536}"
EndProject
Project("{8BC9CEB8-8B4A-11D0-8D11-00A0C91BC942}") = "TimeOut2012", "TimeOut\TimeOut2012.vcxproj", "{DFDEACFE-C1B6-434B-BC1B-E84BA6561E5A}"
EndProject
Project("{8BC9CEB8-8B4A-11D0-8D11-00A0C91BC942}") = "make2012", "make\make2012.vcxproj", "{34FBEF13-9FB0-4AB4-A56F-4023EDF79EFF}"
EndProject
Project("{8BC9CEB8-8B4A-11D0-8D11-00A0C91BC942}") = "SequenceAlignment2012", "SequenceAlignment\SequenceAlignment2012.vcxproj", "{D7D20319-6A23-4F1B-BABF-4EA8D05A7E1E}"
EndProject
Global
	GlobalSection(SolutionConfigurationPlatforms) = preSolution
		Debug|Mixed Platforms = Debug|Mixed Platforms
		Debug|Win32 = Debug|Win32
		Debug|X64 = Debug|X64
		Debug|x86 = Debug|x86
		Release|Mixed Platforms = Release|Mixed Platforms
		Release|Win32 = Release|Win32
		Release|X64 = Release|X64
		Release|x86 = Release|x86
	EndGlobalSection
	GlobalSection(ProjectConfigurationPlatforms) = postSolution
		{CCEA3D2E-F687-4AB1-8ED2-528381A1F29A}.Debug|Mixed Platforms.ActiveCfg = Debug|X64
		{CCEA3D2E-F687-4AB1-8ED2-528381A1F29A}.Debug|Mixed Platforms.Build.0 = Debug|X64
		{CCEA3D2E-F687-4AB1-8ED2-528381A1F29A}.Debug|Win32.ActiveCfg = Debug|Win32
		{CCEA3D2E-F687-4AB1-8ED2-528381A1F29A}.Debug|Win32.Build.0 = Debug|Win32
		{CCEA3D2E-F687-4AB1-8ED2-528381A1F29A}.Debug|X64.ActiveCfg = Debug|X64
		{CCEA3D2E-F687-4AB1-8ED2-528381A1F29A}.Debug|X64.Build.0 = Debug|X64
		{CCEA3D2E-F687-4AB1-8ED2-528381A1F29A}.Debug|x86.ActiveCfg = Debug|Win32
		{CCEA3D2E-F687-4AB1-8ED2-528381A1F29A}.Debug|x86.Build.0 = Debug|Win32
		{CCEA3D2E-F687-4AB1-8ED2-528381A1F29A}.Release|Mixed Platforms.ActiveCfg = Release|X64
		{CCEA3D2E-F687-4AB1-8ED2-528381A1F29A}.Release|Mixed Platforms.Build.0 = Release|X64
		{CCEA3D2E-F687-4AB1-8ED2-528381A1F29A}.Release|Win32.ActiveCfg = Release|Win32
		{CCEA3D2E-F687-4AB1-8ED2-528381A1F29A}.Release|Win32.Build.0 = Release|Win32
		{CCEA3D2E-F687-4AB1-8ED2-528381A1F29A}.Release|X64.ActiveCfg = Release|X64
		{CCEA3D2E-F687-4AB1-8ED2-528381A1F29A}.Release|X64.Build.0 = Release|X64
		{CCEA3D2E-F687-4AB1-8ED2-528381A1F29A}.Release|x86.ActiveCfg = Release|Win32
		{CCEA3D2E-F687-4AB1-8ED2-528381A1F29A}.Release|x86.Build.0 = Release|Win32
		{8B2BBE76-B149-47CB-9A7B-C5F784F0246D}.Debug|Mixed Platforms.ActiveCfg = Debug|X64
		{8B2BBE76-B149-47CB-9A7B-C5F784F0246D}.Debug|Mixed Platforms.Build.0 = Debug|X64
		{8B2BBE76-B149-47CB-9A7B-C5F784F0246D}.Debug|Win32.ActiveCfg = Debug|Win32
		{8B2BBE76-B149-47CB-9A7B-C5F784F0246D}.Debug|Win32.Build.0 = Debug|Win32
		{8B2BBE76-B149-47CB-9A7B-C5F784F0246D}.Debug|X64.ActiveCfg = Debug|X64
		{8B2BBE76-B149-47CB-9A7B-C5F784F0246D}.Debug|X64.Build.0 = Debug|X64
		{8B2BBE76-B149-47CB-9A7B-C5F784F0246D}.Debug|x86.ActiveCfg = Debug|Win32
		{8B2BBE76-B149-47CB-9A7B-C5F784F0246D}.Debug|x86.Build.0 = Debug|Win32
		{8B2BBE76-B149-47CB-9A7B-C5F784F0246D}.Release|Mixed Platforms.ActiveCfg = Release|X64
		{8B2BBE76-B149-47CB-9A7B-C5F784F0246D}.Release|Mixed Platforms.Build.0 = Release|X64
		{8B2BBE76-B149-47CB-9A7B-C5F784F0246D}.Release|Win32.ActiveCfg = Release|Win32
		{8B2BBE76-B149-47CB-9A7B-C5F784F0246D}.Release|Win32.Build.0 = Release|Win32
		{8B2BBE76-B149-47CB-9A7B-C5F784F0246D}.Release|X64.ActiveCfg = Release|X64
		{8B2BBE76-B149-47CB-9A7B-C5F784F0246D}.Release|X64.Build.0 = Release|X64
		{8B2BBE76-B149-47CB-9A7B-C5F784F0246D}.Release|x86.ActiveCfg = Release|Win32
		{8B2BBE76-B149-47CB-9A7B-C5F784F0246D}.Release|x86.Build.0 = Release|Win32
		{296D64BE-AC65-4081-8EBF-67C530D87D78}.Debug|Mixed Platforms.ActiveCfg = Debug|X64
		{296D64BE-AC65-4081-8EBF-67C530D87D78}.Debug|Mixed Platforms.Build.0 = Debug|X64
		{296D64BE-AC65-4081-8EBF-67C530D87D78}.Debug|Win32.ActiveCfg = Debug|Win32
		{296D64BE-AC65-4081-8EBF-67C530D87D78}.Debug|Win32.Build.0 = Debug|Win32
		{296D64BE-AC65-4081-8EBF-67C530D87D78}.Debug|X64.ActiveCfg = Debug|X64
		{296D64BE-AC65-4081-8EBF-67C530D87D78}.Debug|X64.Build.0 = Debug|X64
		{296D64BE-AC65-4081-8EBF-67C530D87D78}.Debug|x86.ActiveCfg = Debug|Win32
		{296D64BE-AC65-4081-8EBF-67C530D87D78}.Debug|x86.Build.0 = Debug|Win32
		{296D64BE-AC65-4081-8EBF-67C530D87D78}.Release|Mixed Platforms.ActiveCfg = Release|X64
		{296D64BE-AC65-4081-8EBF-67C530D87D78}.Release|Mixed Platforms.Build.0 = Release|X64
		{296D64BE-AC65-4081-8EBF-67C530D87D78}.Release|Win32.ActiveCfg = Release|Win32
		{296D64BE-AC65-4081-8EBF-67C530D87D78}.Release|Win32.Build.0 = Release|Win32
		{296D64BE-AC65-4081-8EBF-67C530D87D78}.Release|X64.ActiveCfg = Release|X64
		{296D64BE-AC65-4081-8EBF-67C530D87D78}.Release|X64.Build.0 = Release|X64
		{296D64BE-AC65-4081-8EBF-67C530D87D78}.Release|x86.ActiveCfg = Release|Win32
		{296D64BE-AC65-4081-8EBF-67C530D87D78}.Release|x86.Build.0 = Release|Win32
		{B38D3C99-1A3F-474D-BE5A-623B1BE40F52}.Debug|Mixed Platforms.ActiveCfg = Debug|X64
		{B38D3C99-1A3F-474D-BE5A-623B1BE40F52}.Debug|Mixed Platforms.Build.0 = Debug|X64
		{B38D3C99-1A3F-474D-BE5A-623B1BE40F52}.Debug|Win32.ActiveCfg = Debug|Win32
		{B38D3C99-1A3F-474D-BE5A-623B1BE40F52}.Debug|Win32.Build.0 = Debug|Win32
		{B38D3C99-1A3F-474D-BE5A-623B1BE40F52}.Debug|X64.ActiveCfg = Debug|X64
		{B38D3C99-1A3F-474D-BE5A-623B1BE40F52}.Debug|X64.Build.0 = Debug|X64
		{B38D3C99-1A3F-474D-BE5A-623B1BE40F52}.Debug|x86.ActiveCfg = Debug|Win32
		{B38D3C99-1A3F-474D-BE5A-623B1BE40F52}.Debug|x86.Build.0 = Debug|Win32
		{B38D3C99-1A3F-474D-BE5A-623B1BE40F52}.Release|Mixed Platforms.ActiveCfg = Release|X64
		{B38D3C99-1A3F-474D-BE5A-623B1BE40F52}.Release|Mixed Platforms.Build.0 = Release|X64
		{B38D3C99-1A3F-474D-BE5A-623B1BE40F52}.Release|Win32.ActiveCfg = Release|Win32
		{B38D3C99-1A3F-474D-BE5A-623B1BE40F52}.Release|Win32.Build.0 = Release|Win32
		{B38D3C99-1A3F-474D-BE5A-623B1BE40F52}.Release|X64.ActiveCfg = Release|X64
		{B38D3C99-1A3F-474D-BE5A-623B1BE40F52}.Release|X64.Build.0 = Release|X64
		{B38D3C99-1A3F-474D-BE5A-623B1BE40F52}.Release|x86.ActiveCfg = Release|Win32
		{B38D3C99-1A3F-474D-BE5A-623B1BE40F52}.Release|x86.Build.0 = Release|Win32
		{0D91D98A-CC92-4C6F-8E6B-95937BD78D56}.Debug|Mixed Platforms.ActiveCfg = Debug|x64
		{0D91D98A-CC92-4C6F-8E6B-95937BD78D56}.Debug|Mixed Platforms.Build.0 = Debug|x64
		{0D91D98A-CC92-4C6F-8E6B-95937BD78D56}.Debug|Win32.ActiveCfg = Debug|Win32
		{0D91D98A-CC92-4C6F-8E6B-95937BD78D56}.Debug|Win32.Build.0 = Debug|Win32
		{0D91D98A-CC92-4C6F-8E6B-95937BD78D56}.Debug|X64.ActiveCfg = Debug|Win32
		{0D91D98A-CC92-4C6F-8E6B-95937BD78D56}.Debug|X64.Build.0 = Debug|Win32
		{0D91D98A-CC92-4C6F-8E6B-95937BD78D56}.Debug|x86.ActiveCfg = Debug|Win32
		{0D91D98A-CC92-4C6F-8E6B-95937BD78D56}.Debug|x86.Build.0 = Debug|Win32
		{0D91D98A-CC92-4C6F-8E6B-95937BD78D56}.Release|Mixed Platforms.ActiveCfg = Release|x64
		{0D91D98A-CC92-4C6F-8E6B-95937BD78D56}.Release|Mixed Platforms.Build.0 = Release|x64
		{0D91D98A-CC92-4C6F-8E6B-95937BD78D56}.Release|Win32.ActiveCfg = Release|Win32
		{0D91D98A-CC92-4C6F-8E6B-95937BD78D56}.Release|Win32.Build.0 = Release|Win32
		{0D91D98A-CC92-4C6F-8E6B-95937BD78D56}.Release|X64.ActiveCfg = Release|Win32
		{0D91D98A-CC92-4C6F-8E6B-95937BD78D56}.Release|X64.Build.0 = Release|Win32
		{0D91D98A-CC92-4C6F-8E6B-95937BD78D56}.Release|x86.ActiveCfg = Release|Win32
		{0D91D98A-CC92-4C6F-8E6B-95937BD78D56}.Release|x86.Build.0 = Release|Win32
		{9CF5BAA9-DBF7-4C71-A966-8CF42371B8C2}.Debug|Mixed Platforms.ActiveCfg = Debug|Win32
		{9CF5BAA9-DBF7-4C71-A966-8CF42371B8C2}.Debug|Mixed Platforms.Build.0 = Debug|Win32
		{9CF5BAA9-DBF7-4C71-A966-8CF42371B8C2}.Debug|Win32.ActiveCfg = Debug|Win32
		{9CF5BAA9-DBF7-4C71-A966-8CF42371B8C2}.Debug|Win32.Build.0 = Debug|Win32
		{9CF5BAA9-DBF7-4C71-A966-8CF42371B8C2}.Debug|X64.ActiveCfg = Debug|Win32
		{9CF5BAA9-DBF7-4C71-A966-8CF42371B8C2}.Debug|X64.Build.0 = Debug|Win32
		{9CF5BAA9-DBF7-4C71-A966-8CF42371B8C2}.Debug|x86.ActiveCfg = Debug|Win32
		{9CF5BAA9-DBF7-4C71-A966-8CF42371B8C2}.Debug|x86.Build.0 = Debug|Win32
		{9CF5BAA9-DBF7-4C71-A966-8CF42371B8C2}.Release|Mixed Platforms.ActiveCfg = Release|x64
		{9CF5BAA9-DBF7-4C71-A966-8CF42371B8C2}.Release|Mixed Platforms.Build.0 = Release|x64
		{9CF5BAA9-DBF7-4C71-A966-8CF42371B8C2}.Release|Win32.ActiveCfg = Release|Win32
		{9CF5BAA9-DBF7-4C71-A966-8CF42371B8C2}.Release|Win32.Build.0 = Release|Win32
		{9CF5BAA9-DBF7-4C71-A966-8CF42371B8C2}.Release|X64.ActiveCfg = Release|Win32
		{9CF5BAA9-DBF7-4C71-A966-8CF42371B8C2}.Release|X64.Build.0 = Release|Win32
		{9CF5BAA9-DBF7-4C71-A966-8CF42371B8C2}.Release|x86.ActiveCfg = Release|Win32
		{9CF5BAA9-DBF7-4C71-A966-8CF42371B8C2}.Release|x86.Build.0 = Release|Win32
		{B309F319-F481-4AD2-A281-4F4D9EB4CAF3}.Debug|Mixed Platforms.ActiveCfg = Debug|X64
		{B309F319-F481-4AD2-A281-4F4D9EB4CAF3}.Debug|Mixed Platforms.Build.0 = Debug|X64
		{B309F319-F481-4AD2-A281-4F4D9EB4CAF3}.Debug|Win32.ActiveCfg = Debug|Win32
		{B309F319-F481-4AD2-A281-4F4D9EB4CAF3}.Debug|Win32.Build.0 = Debug|Win32
		{B309F319-F481-4AD2-A281-4F4D9EB4CAF3}.Debug|X64.ActiveCfg = Debug|X64
		{B309F319-F481-4AD2-A281-4F4D9EB4CAF3}.Debug|X64.Build.0 = Debug|X64
		{B309F319-F481-4AD2-A281-4F4D9EB4CAF3}.Debug|x86.ActiveCfg = Debug|Win32
		{B309F319-F481-4AD2-A281-4F4D9EB4CAF3}.Debug|x86.Build.0 = Debug|Win32
		{B309F319-F481-4AD2-A281-4F4D9EB4CAF3}.Release|Mixed Platforms.ActiveCfg = Release|X64
		{B309F319-F481-4AD2-A281-4F4D9EB4CAF3}.Release|Mixed Platforms.Build.0 = Release|X64
		{B309F319-F481-4AD2-A281-4F4D9EB4CAF3}.Release|Win32.ActiveCfg = Release|Win32
		{B309F319-F481-4AD2-A281-4F4D9EB4CAF3}.Release|Win32.Build.0 = Release|Win32
		{B309F319-F481-4AD2-A281-4F4D9EB4CAF3}.Release|X64.ActiveCfg = Release|X64
		{B309F319-F481-4AD2-A281-4F4D9EB4CAF3}.Release|X64.Build.0 = Release|X64
		{B309F319-F481-4AD2-A281-4F4D9EB4CAF3}.Release|x86.ActiveCfg = Release|Win32
		{B309F319-F481-4AD2-A281-4F4D9EB4CAF3}.Release|x86.Build.0 = Release|Win32
		{4D524F94-8FC1-42C8-9459-DBA5D3246000}.Debug|Mixed Platforms.ActiveCfg = Debug|X64
		{4D524F94-8FC1-42C8-9459-DBA5D3246000}.Debug|Mixed Platforms.Build.0 = Debug|X64
		{4D524F94-8FC1-42C8-9459-DBA5D3246000}.Debug|Win32.ActiveCfg = Debug|Win32
		{4D524F94-8FC1-42C8-9459-DBA5D3246000}.Debug|Win32.Build.0 = Debug|Win32
		{4D524F94-8FC1-42C8-9459-DBA5D3246000}.Debug|X64.ActiveCfg = Debug|X64
		{4D524F94-8FC1-42C8-9459-DBA5D3246000}.Debug|X64.Build.0 = Debug|X64
		{4D524F94-8FC1-42C8-9459-DBA5D3246000}.Debug|x86.ActiveCfg = Debug|Win32
		{4D524F94-8FC1-42C8-9459-DBA5D3246000}.Debug|x86.Build.0 = Debug|Win32
		{4D524F94-8FC1-42C8-9459-DBA5D3246000}.Release|Mixed Platforms.ActiveCfg = Release|X64
		{4D524F94-8FC1-42C8-9459-DBA5D3246000}.Release|Mixed Platforms.Build.0 = Release|X64
		{4D524F94-8FC1-42C8-9459-DBA5D3246000}.Release|Win32.ActiveCfg = Release|Win32
		{4D524F94-8FC1-42C8-9459-DBA5D3246000}.Release|Win32.Build.0 = Release|Win32
		{4D524F94-8FC1-42C8-9459-DBA5D3246000}.Release|X64.ActiveCfg = Release|X64
		{4D524F94-8FC1-42C8-9459-DBA5D3246000}.Release|X64.Build.0 = Release|X64
		{4D524F94-8FC1-42C8-9459-DBA5D3246000}.Release|x86.ActiveCfg = Release|Win32
		{4D524F94-8FC1-42C8-9459-DBA5D3246000}.Release|x86.Build.0 = Release|Win32
		{71A31CB3-C721-4780-B07C-AC0C5D7B8165}.Debug|Mixed Platforms.ActiveCfg = Debug|X64
		{71A31CB3-C721-4780-B07C-AC0C5D7B8165}.Debug|Mixed Platforms.Build.0 = Debug|X64
		{71A31CB3-C721-4780-B07C-AC0C5D7B8165}.Debug|Win32.ActiveCfg = Debug|Win32
		{71A31CB3-C721-4780-B07C-AC0C5D7B8165}.Debug|Win32.Build.0 = Debug|Win32
		{71A31CB3-C721-4780-B07C-AC0C5D7B8165}.Debug|X64.ActiveCfg = Debug|X64
		{71A31CB3-C721-4780-B07C-AC0C5D7B8165}.Debug|X64.Build.0 = Debug|X64
		{71A31CB3-C721-4780-B07C-AC0C5D7B8165}.Debug|x86.ActiveCfg = Debug|Win32
		{71A31CB3-C721-4780-B07C-AC0C5D7B8165}.Debug|x86.Build.0 = Debug|Win32
		{71A31CB3-C721-4780-B07C-AC0C5D7B8165}.Release|Mixed Platforms.ActiveCfg = Release|X64
		{71A31CB3-C721-4780-B07C-AC0C5D7B8165}.Release|Mixed Platforms.Build.0 = Release|X64
		{71A31CB3-C721-4780-B07C-AC0C5D7B8165}.Release|Win32.ActiveCfg = Release|Win32
		{71A31CB3-C721-4780-B07C-AC0C5D7B8165}.Release|Win32.Build.0 = Release|Win32
		{71A31CB3-C721-4780-B07C-AC0C5D7B8165}.Release|X64.ActiveCfg = Release|X64
		{71A31CB3-C721-4780-B07C-AC0C5D7B8165}.Release|X64.Build.0 = Release|X64
		{71A31CB3-C721-4780-B07C-AC0C5D7B8165}.Release|x86.ActiveCfg = Release|Win32
		{71A31CB3-C721-4780-B07C-AC0C5D7B8165}.Release|x86.Build.0 = Release|Win32
		{86CB0557-3C5E-435F-A3E3-6122C64A22B5}.Debug|Mixed Platforms.ActiveCfg = Debug|X64
		{86CB0557-3C5E-435F-A3E3-6122C64A22B5}.Debug|Mixed Platforms.Build.0 = Debug|X64
		{86CB0557-3C5E-435F-A3E3-6122C64A22B5}.Debug|Win32.ActiveCfg = Debug|Win32
		{86CB0557-3C5E-435F-A3E3-6122C64A22B5}.Debug|Win32.Build.0 = Debug|Win32
		{86CB0557-3C5E-435F-A3E3-6122C64A22B5}.Debug|X64.ActiveCfg = Debug|X64
		{86CB0557-3C5E-435F-A3E3-6122C64A22B5}.Debug|X64.Build.0 = Debug|X64
		{86CB0557-3C5E-435F-A3E3-6122C64A22B5}.Debug|x86.ActiveCfg = Debug|Win32
		{86CB0557-3C5E-435F-A3E3-6122C64A22B5}.Debug|x86.Build.0 = Debug|Win32
		{86CB0557-3C5E-435F-A3E3-6122C64A22B5}.Release|Mixed Platforms.ActiveCfg = Release|X64
		{86CB0557-3C5E-435F-A3E3-6122C64A22B5}.Release|Mixed Platforms.Build.0 = Release|X64
		{86CB0557-3C5E-435F-A3E3-6122C64A22B5}.Release|Win32.ActiveCfg = Release|Win32
		{86CB0557-3C5E-435F-A3E3-6122C64A22B5}.Release|Win32.Build.0 = Release|Win32
		{86CB0557-3C5E-435F-A3E3-6122C64A22B5}.Release|X64.ActiveCfg = Release|X64
		{86CB0557-3C5E-435F-A3E3-6122C64A22B5}.Release|X64.Build.0 = Release|X64
		{86CB0557-3C5E-435F-A3E3-6122C64A22B5}.Release|x86.ActiveCfg = Release|Win32
		{86CB0557-3C5E-435F-A3E3-6122C64A22B5}.Release|x86.Build.0 = Release|Win32
		{0572D52A-572F-40AC-8602-CCAAA7E52B47}.Debug|Mixed Platforms.ActiveCfg = Debug|Win32
		{0572D52A-572F-40AC-8602-CCAAA7E52B47}.Debug|Mixed Platforms.Build.0 = Debug|Win32
		{0572D52A-572F-40AC-8602-CCAAA7E52B47}.Debug|Win32.ActiveCfg = Debug|Win32
		{0572D52A-572F-40AC-8602-CCAAA7E52B47}.Debug|Win32.Build.0 = Debug|Win32
		{0572D52A-572F-40AC-8602-CCAAA7E52B47}.Debug|X64.ActiveCfg = Debug|Win32
		{0572D52A-572F-40AC-8602-CCAAA7E52B47}.Debug|X64.Build.0 = Debug|Win32
		{0572D52A-572F-40AC-8602-CCAAA7E52B47}.Debug|x86.ActiveCfg = Debug|Win32
		{0572D52A-572F-40AC-8602-CCAAA7E52B47}.Debug|x86.Build.0 = Debug|Win32
		{0572D52A-572F-40AC-8602-CCAAA7E52B47}.Release|Mixed Platforms.ActiveCfg = Release|Win32
		{0572D52A-572F-40AC-8602-CCAAA7E52B47}.Release|Mixed Platforms.Build.0 = Release|Win32
		{0572D52A-572F-40AC-8602-CCAAA7E52B47}.Release|Win32.ActiveCfg = Release|Win32
		{0572D52A-572F-40AC-8602-CCAAA7E52B47}.Release|Win32.Build.0 = Release|Win32
		{0572D52A-572F-40AC-8602-CCAAA7E52B47}.Release|X64.ActiveCfg = Release|Win32
		{0572D52A-572F-40AC-8602-CCAAA7E52B47}.Release|x86.ActiveCfg = Release|Win32
		{0572D52A-572F-40AC-8602-CCAAA7E52B47}.Release|x86.Build.0 = Release|Win32
		{47415FB9-1427-46DF-97BF-EB69D80FFE92}.Debug|Mixed Platforms.ActiveCfg = Debug|x64
		{47415FB9-1427-46DF-97BF-EB69D80FFE92}.Debug|Mixed Platforms.Build.0 = Debug|x64
		{47415FB9-1427-46DF-97BF-EB69D80FFE92}.Debug|Win32.ActiveCfg = Debug|Win32
		{47415FB9-1427-46DF-97BF-EB69D80FFE92}.Debug|Win32.Build.0 = Debug|Win32
		{47415FB9-1427-46DF-97BF-EB69D80FFE92}.Debug|X64.ActiveCfg = Debug|x64
		{47415FB9-1427-46DF-97BF-EB69D80FFE92}.Debug|X64.Build.0 = Debug|x64
		{47415FB9-1427-46DF-97BF-EB69D80FFE92}.Debug|x86.ActiveCfg = Debug|Win32
		{47415FB9-1427-46DF-97BF-EB69D80FFE92}.Debug|x86.Build.0 = Debug|Win32
		{47415FB9-1427-46DF-97BF-EB69D80FFE92}.Release|Mixed Platforms.ActiveCfg = Release|x64
		{47415FB9-1427-46DF-97BF-EB69D80FFE92}.Release|Mixed Platforms.Build.0 = Release|x64
		{47415FB9-1427-46DF-97BF-EB69D80FFE92}.Release|Win32.ActiveCfg = Release|Win32
		{47415FB9-1427-46DF-97BF-EB69D80FFE92}.Release|Win32.Build.0 = Release|Win32
		{47415FB9-1427-46DF-97BF-EB69D80FFE92}.Release|X64.ActiveCfg = Release|x64
		{47415FB9-1427-46DF-97BF-EB69D80FFE92}.Release|X64.Build.0 = Release|x64
		{47415FB9-1427-46DF-97BF-EB69D80FFE92}.Release|x86.ActiveCfg = Release|Win32
		{47415FB9-1427-46DF-97BF-EB69D80FFE92}.Release|x86.Build.0 = Release|Win32
		{BBE30FF6-45CF-4C75-A662-6E57091284CD}.Debug|Mixed Platforms.ActiveCfg = Debug|x64
		{BBE30FF6-45CF-4C75-A662-6E57091284CD}.Debug|Mixed Platforms.Build.0 = Debug|x64
		{BBE30FF6-45CF-4C75-A662-6E57091284CD}.Debug|Win32.ActiveCfg = Debug|x86
		{BBE30FF6-45CF-4C75-A662-6E57091284CD}.Debug|Win32.Build.0 = Debug|x86
		{BBE30FF6-45CF-4C75-A662-6E57091284CD}.Debug|X64.ActiveCfg = Debug|x64
		{BBE30FF6-45CF-4C75-A662-6E57091284CD}.Debug|X64.Build.0 = Debug|x64
		{BBE30FF6-45CF-4C75-A662-6E57091284CD}.Debug|x86.ActiveCfg = Debug|x86
		{BBE30FF6-45CF-4C75-A662-6E57091284CD}.Debug|x86.Build.0 = Debug|x86
		{BBE30FF6-45CF-4C75-A662-6E57091284CD}.Release|Mixed Platforms.ActiveCfg = Release|x64
		{BBE30FF6-45CF-4C75-A662-6E57091284CD}.Release|Mixed Platforms.Build.0 = Release|x64
		{BBE30FF6-45CF-4C75-A662-6E57091284CD}.Release|Win32.ActiveCfg = Release|x86
		{BBE30FF6-45CF-4C75-A662-6E57091284CD}.Release|X64.ActiveCfg = Release|x64
		{BBE30FF6-45CF-4C75-A662-6E57091284CD}.Release|X64.Build.0 = Release|x64
		{BBE30FF6-45CF-4C75-A662-6E57091284CD}.Release|x86.ActiveCfg = Release|x86
		{BBE30FF6-45CF-4C75-A662-6E57091284CD}.Release|x86.Build.0 = Release|x86
		{2E43C704-CA7B-492E-98FE-C182523F8850}.Debug|Mixed Platforms.ActiveCfg = Debug|Win32
		{2E43C704-CA7B-492E-98FE-C182523F8850}.Debug|Mixed Platforms.Build.0 = Debug|Win32
		{2E43C704-CA7B-492E-98FE-C182523F8850}.Debug|Win32.ActiveCfg = Debug|Win32
		{2E43C704-CA7B-492E-98FE-C182523F8850}.Debug|Win32.Build.0 = Debug|Win32
		{2E43C704-CA7B-492E-98FE-C182523F8850}.Debug|X64.ActiveCfg = Debug|x64
		{2E43C704-CA7B-492E-98FE-C182523F8850}.Debug|X64.Build.0 = Debug|x64
		{2E43C704-CA7B-492E-98FE-C182523F8850}.Debug|x86.ActiveCfg = Debug|Win32
		{2E43C704-CA7B-492E-98FE-C182523F8850}.Debug|x86.Build.0 = Debug|Win32
		{2E43C704-CA7B-492E-98FE-C182523F8850}.Release|Mixed Platforms.ActiveCfg = Release|Win32
		{2E43C704-CA7B-492E-98FE-C182523F8850}.Release|Mixed Platforms.Build.0 = Release|Win32
		{2E43C704-CA7B-492E-98FE-C182523F8850}.Release|Win32.ActiveCfg = Release|Win32
		{2E43C704-CA7B-492E-98FE-C182523F8850}.Release|Win32.Build.0 = Release|Win32
		{2E43C704-CA7B-492E-98FE-C182523F8850}.Release|X64.ActiveCfg = Release|x64
		{2E43C704-CA7B-492E-98FE-C182523F8850}.Release|X64.Build.0 = Release|x64
		{2E43C704-CA7B-492E-98FE-C182523F8850}.Release|x86.ActiveCfg = Release|Win32
		{2E43C704-CA7B-492E-98FE-C182523F8850}.Release|x86.Build.0 = Release|Win32
		{172BFC93-8CB0-4F65-8122-010CF50A9536}.Debug|Mixed Platforms.ActiveCfg = Debug|Win32
		{172BFC93-8CB0-4F65-8122-010CF50A9536}.Debug|Mixed Platforms.Build.0 = Debug|Win32
		{172BFC93-8CB0-4F65-8122-010CF50A9536}.Debug|Win32.ActiveCfg = Debug|Win32
		{172BFC93-8CB0-4F65-8122-010CF50A9536}.Debug|Win32.Build.0 = Debug|Win32
		{172BFC93-8CB0-4F65-8122-010CF50A9536}.Debug|X64.ActiveCfg = Debug|Win32
		{172BFC93-8CB0-4F65-8122-010CF50A9536}.Debug|X64.Build.0 = Debug|Win32
		{172BFC93-8CB0-4F65-8122-010CF50A9536}.Debug|x86.ActiveCfg = Debug|Win32
		{172BFC93-8CB0-4F65-8122-010CF50A9536}.Debug|x86.Build.0 = Debug|Win32
		{172BFC93-8CB0-4F65-8122-010CF50A9536}.Release|Mixed Platforms.ActiveCfg = Release|Win32
		{172BFC93-8CB0-4F65-8122-010CF50A9536}.Release|Mixed Platforms.Build.0 = Release|Win32
		{172BFC93-8CB0-4F65-8122-010CF50A9536}.Release|Win32.ActiveCfg = Release|Win32
		{172BFC93-8CB0-4F65-8122-010CF50A9536}.Release|Win32.Build.0 = Release|Win32
		{172BFC93-8CB0-4F65-8122-010CF50A9536}.Release|X64.ActiveCfg = Release|Win32
		{172BFC93-8CB0-4F65-8122-010CF50A9536}.Release|X64.Build.0 = Release|Win32
		{172BFC93-8CB0-4F65-8122-010CF50A9536}.Release|x86.ActiveCfg = Release|Win32
		{172BFC93-8CB0-4F65-8122-010CF50A9536}.Release|x86.Build.0 = Release|Win32
		{DFDEACFE-C1B6-434B-BC1B-E84BA6561E5A}.Debug|Mixed Platforms.ActiveCfg = Debug|Win32
		{DFDEACFE-C1B6-434B-BC1B-E84BA6561E5A}.Debug|Mixed Platforms.Build.0 = Debug|Win32
		{DFDEACFE-C1B6-434B-BC1B-E84BA6561E5A}.Debug|Win32.ActiveCfg = Debug|Win32
		{DFDEACFE-C1B6-434B-BC1B-E84BA6561E5A}.Debug|Win32.Build.0 = Debug|Win32
		{DFDEACFE-C1B6-434B-BC1B-E84BA6561E5A}.Debug|X64.ActiveCfg = Debug|x64
		{DFDEACFE-C1B6-434B-BC1B-E84BA6561E5A}.Debug|X64.Build.0 = Debug|x64
		{DFDEACFE-C1B6-434B-BC1B-E84BA6561E5A}.Debug|x86.ActiveCfg = Debug|Win32
		{DFDEACFE-C1B6-434B-BC1B-E84BA6561E5A}.Debug|x86.Build.0 = Debug|Win32
		{DFDEACFE-C1B6-434B-BC1B-E84BA6561E5A}.Release|Mixed Platforms.ActiveCfg = Release|Win32
		{DFDEACFE-C1B6-434B-BC1B-E84BA6561E5A}.Release|Mixed Platforms.Build.0 = Release|Win32
		{DFDEACFE-C1B6-434B-BC1B-E84BA6561E5A}.Release|Win32.ActiveCfg = Release|Win32
		{DFDEACFE-C1B6-434B-BC1B-E84BA6561E5A}.Release|Win32.Build.0 = Release|Win32
		{DFDEACFE-C1B6-434B-BC1B-E84BA6561E5A}.Release|X64.ActiveCfg = Release|x64
		{DFDEACFE-C1B6-434B-BC1B-E84BA6561E5A}.Release|X64.Build.0 = Release|x64
		{DFDEACFE-C1B6-434B-BC1B-E84BA6561E5A}.Release|x86.ActiveCfg = Release|Win32
		{DFDEACFE-C1B6-434B-BC1B-E84BA6561E5A}.Release|x86.Build.0 = Release|Win32
		{34FBEF13-9FB0-4AB4-A56F-4023EDF79EFF}.Debug|Mixed Platforms.ActiveCfg = Debug|Win32
		{34FBEF13-9FB0-4AB4-A56F-4023EDF79EFF}.Debug|Mixed Platforms.Build.0 = Debug|Win32
		{34FBEF13-9FB0-4AB4-A56F-4023EDF79EFF}.Debug|Win32.ActiveCfg = Debug|Win32
		{34FBEF13-9FB0-4AB4-A56F-4023EDF79EFF}.Debug|Win32.Build.0 = Debug|Win32
		{34FBEF13-9FB0-4AB4-A56F-4023EDF79EFF}.Debug|X64.ActiveCfg = Debug|x64
		{34FBEF13-9FB0-4AB4-A56F-4023EDF79EFF}.Debug|X64.Build.0 = Debug|x64
		{34FBEF13-9FB0-4AB4-A56F-4023EDF79EFF}.Debug|x86.ActiveCfg = Debug|Win32
		{34FBEF13-9FB0-4AB4-A56F-4023EDF79EFF}.Debug|x86.Build.0 = Debug|Win32
		{34FBEF13-9FB0-4AB4-A56F-4023EDF79EFF}.Release|Mixed Platforms.ActiveCfg = Release|Win32
		{34FBEF13-9FB0-4AB4-A56F-4023EDF79EFF}.Release|Mixed Platforms.Build.0 = Release|Win32
		{34FBEF13-9FB0-4AB4-A56F-4023EDF79EFF}.Release|Win32.ActiveCfg = Release|Win32
		{34FBEF13-9FB0-4AB4-A56F-4023EDF79EFF}.Release|Win32.Build.0 = Release|Win32
		{34FBEF13-9FB0-4AB4-A56F-4023EDF79EFF}.Release|X64.ActiveCfg = Release|x64
		{34FBEF13-9FB0-4AB4-A56F-4023EDF79EFF}.Release|X64.Build.0 = Release|x64
		{34FBEF13-9FB0-4AB4-A56F-4023EDF79EFF}.Release|x86.ActiveCfg = Release|Win32
		{34FBEF13-9FB0-4AB4-A56F-4023EDF79EFF}.Release|x86.Build.0 = Release|Win32
		{D7D20319-6A23-4F1B-BABF-4EA8D05A7E1E}.Debug|Mixed Platforms.ActiveCfg = Debug|x64
		{D7D20319-6A23-4F1B-BABF-4EA8D05A7E1E}.Debug|Mixed Platforms.Build.0 = Debug|x64
		{D7D20319-6A23-4F1B-BABF-4EA8D05A7E1E}.Debug|Win32.ActiveCfg = Debug|Win32
		{D7D20319-6A23-4F1B-BABF-4EA8D05A7E1E}.Debug|Win32.Build.0 = Debug|Win32
		{D7D20319-6A23-4F1B-BABF-4EA8D05A7E1E}.Debug|X64.ActiveCfg = Debug|x64
		{D7D20319-6A23-4F1B-BABF-4EA8D05A7E1E}.Debug|X64.Build.0 = Debug|x64
		{D7D20319-6A23-4F1B-BABF-4EA8D05A7E1E}.Debug|x86.ActiveCfg = Debug|Win32
		{D7D20319-6A23-4F1B-BABF-4EA8D05A7E1E}.Debug|x86.Build.0 = Debug|Win32
		{D7D20319-6A23-4F1B-BABF-4EA8D05A7E1E}.Release|Mixed Platforms.ActiveCfg = Release|x64
		{D7D20319-6A23-4F1B-BABF-4EA8D05A7E1E}.Release|Mixed Platforms.Build.0 = Release|x64
		{D7D20319-6A23-4F1B-BABF-4EA8D05A7E1E}.Release|Win32.ActiveCfg = Release|Win32
		{D7D20319-6A23-4F1B-BABF-4EA8D05A7E1E}.Release|Win32.Build.0 = Release|Win32
		{D7D20319-6A23-4F1B-BABF-4EA8D05A7E1E}.Release|X64.ActiveCfg = Release|x64
		{D7D20319-6A23-4F1B-BABF-4EA8D05A7E1E}.Release|X64.Build.0 = Release|x64
		{D7D20319-6A23-4F1B-BABF-4EA8D05A7E1E}.Release|x86.ActiveCfg = Release|Win32
		{D7D20319-6A23-4F1B-BABF-4EA8D05A7E1E}.Release|x86.Build.0 = Release|Win32
	EndGlobalSection
	GlobalSection(SolutionProperties) = preSolution
		HideSolutionNode = FALSE
	EndGlobalSection
EndGlobal
